
Microsoft Visual Studio Solution File, Format Version 12.00
# Visual Studio Version 17
VisualStudioVersion = 17.5.002.0
MinimumVisualStudioVersion = 10.0.40219.1
Project("{9A19103F-16F7-4668-BE54-9A1E7A4F7556}") = "Pilhas", "Pilhas.csproj", "{A05E0D35-4B24-4BBC-9E71-DC7EAD9A7A53}"
EndProject
Global
	GlobalSection(SolutionConfigurationPlatforms) = preSolution
		Debug|Any CPU = Debug|Any CPU
		Release|Any CPU = Release|Any CPU
	EndGlobalSection
	GlobalSection(ProjectConfigurationPlatforms) = postSolution
		{A05E0D35-4B24-4BBC-9E71-DC7EAD9A7A53}.Debug|Any CPU.ActiveCfg = Debug|Any CPU
		{A05E0D35-4B24-4BBC-9E71-DC7EAD9A7A53}.Debug|Any CPU.Build.0 = Debug|Any CPU
		{A05E0D35-4B24-4BBC-9E71-DC7EAD9A7A53}.Release|Any CPU.ActiveCfg = Release|Any CPU
		{A05E0D35-4B24-4BBC-9E71-DC7EAD9A7A53}.Release|Any CPU.Build.0 = Release|Any CPU
	EndGlobalSection
	GlobalSection(SolutionProperties) = preSolution
		HideSolutionNode = FALSE
	EndGlobalSection
	GlobalSection(ExtensibilityGlobals) = postSolution
		SolutionGuid = {E6D254B1-7BA0-41E2-A704-45EE00A9238A}
	EndGlobalSection
EndGlobal
