
Microsoft Visual Studio Solution File, Format Version 12.00
# Visual Studio Version 17
VisualStudioVersion = 17.5.002.0
MinimumVisualStudioVersion = 10.0.40219.1
Project("{9A19103F-16F7-4668-BE54-9A1E7A4F7556}") = "Aula 04 - JaggedArray", "Aula 04 - JaggedArray.csproj", "{11E2088D-1562-43A8-9D00-076E35A2D27A}"
EndProject
Global
	GlobalSection(SolutionConfigurationPlatforms) = preSolution
		Debug|Any CPU = Debug|Any CPU
		Release|Any CPU = Release|Any CPU
	EndGlobalSection
	GlobalSection(ProjectConfigurationPlatforms) = postSolution
		{11E2088D-1562-43A8-9D00-076E35A2D27A}.Debug|Any CPU.ActiveCfg = Debug|Any CPU
		{11E2088D-1562-43A8-9D00-076E35A2D27A}.Debug|Any CPU.Build.0 = Debug|Any CPU
		{11E2088D-1562-43A8-9D00-076E35A2D27A}.Release|Any CPU.ActiveCfg = Release|Any CPU
		{11E2088D-1562-43A8-9D00-076E35A2D27A}.Release|Any CPU.Build.0 = Release|Any CPU
	EndGlobalSection
	GlobalSection(SolutionProperties) = preSolution
		HideSolutionNode = FALSE
	EndGlobalSection
	GlobalSection(ExtensibilityGlobals) = postSolution
		SolutionGuid = {C213F082-B7B2-4C9C-BDE6-8251A6709237}
	EndGlobalSection
EndGlobal
