
Microsoft Visual Studio Solution File, Format Version 12.00
# Visual Studio Version 17
VisualStudioVersion = 17.5.002.0
MinimumVisualStudioVersion = 10.0.40219.1
Project("{9A19103F-16F7-4668-BE54-9A1E7A4F7556}") = "Aula 03 - 1 - Array", "Aula 03 - 1 - Array.csproj", "{B1DAE6E4-873D-4739-B42C-3ED4C071B3EA}"
EndProject
Global
	GlobalSection(SolutionConfigurationPlatforms) = preSolution
		Debug|Any CPU = Debug|Any CPU
		Release|Any CPU = Release|Any CPU
	EndGlobalSection
	GlobalSection(ProjectConfigurationPlatforms) = postSolution
		{B1DAE6E4-873D-4739-B42C-3ED4C071B3EA}.Debug|Any CPU.ActiveCfg = Debug|Any CPU
		{B1DAE6E4-873D-4739-B42C-3ED4C071B3EA}.Debug|Any CPU.Build.0 = Debug|Any CPU
		{B1DAE6E4-873D-4739-B42C-3ED4C071B3EA}.Release|Any CPU.ActiveCfg = Release|Any CPU
		{B1DAE6E4-873D-4739-B42C-3ED4C071B3EA}.Release|Any CPU.Build.0 = Release|Any CPU
	EndGlobalSection
	GlobalSection(SolutionProperties) = preSolution
		HideSolutionNode = FALSE
	EndGlobalSection
	GlobalSection(ExtensibilityGlobals) = postSolution
		SolutionGuid = {8D42C505-F060-42E7-BE56-A3B317DE493A}
	EndGlobalSection
EndGlobal
